{
    "requires": true,
    "lockfileVersion": 1,
    "dependencies": {
        "sweetalert2": {
            "version": "9.17.0",
            "resolved": "https://registry.npmjs.org/sweetalert2/-/sweetalert2-9.17.0.tgz",
            "integrity": "sha512-tOby96N1FlTT8Xi7Y7QlTiswNJTySgghmRSyFwb3pO3zdrhsR2PUp4ucmye7a3CTLbLdqjHdszsGlCJ0v6pGaQ=="
        }
    }
}
